// !$*UTF8*$!
{
	archiveVersion = 1;
	classes = {
	};
	objectVersion = 46;
	objects = {

/* Begin PBXBuildFile section */
		52567B9E1C847B0B00FCCDB0 /* AppDelegate.swift in Sources */ = {isa = PBXBuildFile; fileRef = 52567B9D1C847B0B00FCCDB0 /* AppDelegate.swift */; };
		52567BA01C847B0B00FCCDB0 /* ViewController.swift in Sources */ = {isa = PBXBuildFile; fileRef = 52567B9F1C847B0B00FCCDB0 /* ViewController.swift */; };
		52567BA31C847B0B00FCCDB0 /* Main.storyboard in Resources */ = {isa = PBXBuildFile; fileRef = 52567BA11C847B0B00FCCDB0 /* Main.storyboard */; };
		52567BA51C847B0B00FCCDB0 /* Assets.xcassets in Resources */ = {isa = PBXBuildFile; fileRef = 52567BA41C847B0B00FCCDB0 /* Assets.xcassets */; };
		52567BA81C847B0B00FCCDB0 /* LaunchScreen.storyboard in Resources */ = {isa = PBXBuildFile; fileRef = 52567BA61C847B0B00FCCDB0 /* LaunchScreen.storyboard */; };
		52567BB31C847B0B00FCCDB0 /* shopping_listTests.swift in Sources */ = {isa = PBXBuildFile; fileRef = 52567BB21C847B0B00FCCDB0 /* shopping_listTests.swift */; };
		52567BBE1C847B0B00FCCDB0 /* shopping_listUITests.swift in Sources */ = {isa = PBXBuildFile; fileRef = 52567BBD1C847B0B00FCCDB0 /* shopping_listUITests.swift */; };
		52567BCC1C847C0300FCCDB0 /* GroceryItemTableViewCell.swift in Sources */ = {isa = PBXBuildFile; fileRef = 52567BCB1C847C0300FCCDB0 /* GroceryItemTableViewCell.swift */; };
		52567BCE1C847E9C00FCCDB0 /* GroceryListTableViewController.swift in Sources */ = {isa = PBXBuildFile; fileRef = 52567BCD1C847E9C00FCCDB0 /* GroceryListTableViewController.swift */; };
		52567BD01C847F8900FCCDB0 /* GroceryItem.swift in Sources */ = {isa = PBXBuildFile; fileRef = 52567BCF1C847F8900FCCDB0 /* GroceryItem.swift */; };
		525E7AAF1C8878F4008A5944 /* GroceryListItemViewController.swift in Sources */ = {isa = PBXBuildFile; fileRef = 525E7AAE1C8878F4008A5944 /* GroceryListItemViewController.swift */; };
		52E1CC551C89CCD6002B4E31 /* EditGroceryListItemViewController.swift in Sources */ = {isa = PBXBuildFile; fileRef = 52E1CC541C89CCD6002B4E31 /* EditGroceryListItemViewController.swift */; };
/* End PBXBuildFile section */

/* Begin PBXContainerItemProxy section */
		52567BAF1C847B0B00FCCDB0 /* PBXContainerItemProxy */ = {
			isa = PBXContainerItemProxy;
			containerPortal = 52567B921C847B0B00FCCDB0 /* Project object */;
			proxyType = 1;
			remoteGlobalIDString = 52567B991C847B0B00FCCDB0;
			remoteInfo = "shopping-list";
		};
		52567BBA1C847B0B00FCCDB0 /* PBXContainerItemProxy */ = {
			isa = PBXContainerItemProxy;
			containerPortal = 52567B921C847B0B00FCCDB0 /* Project object */;
			proxyType = 1;
			remoteGlobalIDString = 52567B991C847B0B00FCCDB0;
			remoteInfo = "shopping-list";
		};
/* End PBXContainerItemProxy section */

/* Begin PBXFileReference section */
		52567B9A1C847B0B00FCCDB0 /* shopping-list.app */ = {isa = PBXFileReference; explicitFileType = wrapper.application; includeInIndex = 0; path = "shopping-list.app"; sourceTree = BUILT_PRODUCTS_DIR; };
		52567B9D1C847B0B00FCCDB0 /* AppDelegate.swift */ = {isa = PBXFileReference; lastKnownFileType = sourcecode.swift; path = AppDelegate.swift; sourceTree = "<group>"; };
		52567B9F1C847B0B00FCCDB0 /* ViewController.swift */ = {isa = PBXFileReference; lastKnownFileType = sourcecode.swift; path = ViewController.swift; sourceTree = "<group>"; };
		52567BA21C847B0B00FCCDB0 /* Base */ = {isa = PBXFileReference; lastKnownFileType = file.storyboard; name = Base; path = Base.lproj/Main.storyboard; sourceTree = "<group>"; };
		52567BA41C847B0B00FCCDB0 /* Assets.xcassets */ = {isa = PBXFileReference; lastKnownFileType = folder.assetcatalog; path = Assets.xcassets; sourceTree = "<group>"; };
		52567BA71C847B0B00FCCDB0 /* Base */ = {isa = PBXFileReference; lastKnownFileType = file.storyboard; name = Base; path = Base.lproj/LaunchScreen.storyboard; sourceTree = "<group>"; };
		52567BA91C847B0B00FCCDB0 /* Info.plist */ = {isa = PBXFileReference; lastKnownFileType = text.plist.xml; path = Info.plist; sourceTree = "<group>"; };
		52567BAE1C847B0B00FCCDB0 /* shopping-listTests.xctest */ = {isa = PBXFileReference; explicitFileType = wrapper.cfbundle; includeInIndex = 0; path = "shopping-listTests.xctest"; sourceTree = BUILT_PRODUCTS_DIR; };
		52567BB21C847B0B00FCCDB0 /* shopping_listTests.swift */ = {isa = PBXFileReference; lastKnownFileType = sourcecode.swift; path = shopping_listTests.swift; sourceTree = "<group>"; };
		52567BB41C847B0B00FCCDB0 /* Info.plist */ = {isa = PBXFileReference; lastKnownFileType = text.plist.xml; path = Info.plist; sourceTree = "<group>"; };
		52567BB91C847B0B00FCCDB0 /* shopping-listUITests.xctest */ = {isa = PBXFileReference; explicitFileType = wrapper.cfbundle; includeInIndex = 0; path = "shopping-listUITests.xctest"; sourceTree = BUILT_PRODUCTS_DIR; };
		52567BBD1C847B0B00FCCDB0 /* shopping_listUITests.swift */ = {isa = PBXFileReference; lastKnownFileType = sourcecode.swift; path = shopping_listUITests.swift; sourceTree = "<group>"; };
		52567BBF1C847B0B00FCCDB0 /* Info.plist */ = {isa = PBXFileReference; lastKnownFileType = text.plist.xml; path = Info.plist; sourceTree = "<group>"; };
		52567BCB1C847C0300FCCDB0 /* GroceryItemTableViewCell.swift */ = {isa = PBXFileReference; fileEncoding = 4; lastKnownFileType = sourcecode.swift; path = GroceryItemTableViewCell.swift; sourceTree = "<group>"; };
		52567BCD1C847E9C00FCCDB0 /* GroceryListTableViewController.swift */ = {isa = PBXFileReference; fileEncoding = 4; lastKnownFileType = sourcecode.swift; path = GroceryListTableViewController.swift; sourceTree = "<group>"; };
		52567BCF1C847F8900FCCDB0 /* GroceryItem.swift */ = {isa = PBXFileReference; fileEncoding = 4; lastKnownFileType = sourcecode.swift; path = GroceryItem.swift; sourceTree = "<group>"; };
		525E7AAE1C8878F4008A5944 /* GroceryListItemViewController.swift */ = {isa = PBXFileReference; fileEncoding = 4; lastKnownFileType = sourcecode.swift; path = GroceryListItemViewController.swift; sourceTree = "<group>"; };
		52E1CC541C89CCD6002B4E31 /* EditGroceryListItemViewController.swift */ = {isa = PBXFileReference; fileEncoding = 4; lastKnownFileType = sourcecode.swift; path = EditGroceryListItemViewController.swift; sourceTree = "<group>"; };
/* End PBXFileReference section */

/* Begin PBXFrameworksBuildPhase section */
		52567B971C847B0B00FCCDB0 /* Frameworks */ = {
			isa = PBXFrameworksBuildPhase;
			buildActionMask = 2147483647;
			files = (
			);
			runOnlyForDeploymentPostprocessing = 0;
		};
		52567BAB1C847B0B00FCCDB0 /* Frameworks */ = {
			isa = PBXFrameworksBuildPhase;
			buildActionMask = 2147483647;
			files = (
			);
			runOnlyForDeploymentPostprocessing = 0;
		};
		52567BB61C847B0B00FCCDB0 /* Frameworks */ = {
			isa = PBXFrameworksBuildPhase;
			buildActionMask = 2147483647;
			files = (
			);
			runOnlyForDeploymentPostprocessing = 0;
		};
/* End PBXFrameworksBuildPhase section */

/* Begin PBXGroup section */
		52567B911C847B0B00FCCDB0 = {
			isa = PBXGroup;
			children = (
				52567B9C1C847B0B00FCCDB0 /* shopping-list */,
				52567BB11C847B0B00FCCDB0 /* shopping-listTests */,
				52567BBC1C847B0B00FCCDB0 /* shopping-listUITests */,
				52567B9B1C847B0B00FCCDB0 /* Products */,
			);
			sourceTree = "<group>";
		};
		52567B9B1C847B0B00FCCDB0 /* Products */ = {
			isa = PBXGroup;
			children = (
				52567B9A1C847B0B00FCCDB0 /* shopping-list.app */,
				52567BAE1C847B0B00FCCDB0 /* shopping-listTests.xctest */,
				52567BB91C847B0B00FCCDB0 /* shopping-listUITests.xctest */,
			);
			name = Products;
			sourceTree = "<group>";
		};
		52567B9C1C847B0B00FCCDB0 /* shopping-list */ = {
			isa = PBXGroup;
			children = (
				52567B9D1C847B0B00FCCDB0 /* AppDelegate.swift */,
				52567B9F1C847B0B00FCCDB0 /* ViewController.swift */,
				52567BA11C847B0B00FCCDB0 /* Main.storyboard */,
				52567BCB1C847C0300FCCDB0 /* GroceryItemTableViewCell.swift */,
				52567BCD1C847E9C00FCCDB0 /* GroceryListTableViewController.swift */,
				525E7AAE1C8878F4008A5944 /* GroceryListItemViewController.swift */,
				52E1CC541C89CCD6002B4E31 /* EditGroceryListItemViewController.swift */,
				52567BCF1C847F8900FCCDB0 /* GroceryItem.swift */,
				52567BA41C847B0B00FCCDB0 /* Assets.xcassets */,
				52567BA61C847B0B00FCCDB0 /* LaunchScreen.storyboard */,
				52567BA91C847B0B00FCCDB0 /* Info.plist */,
			);
			path = "shopping-list";
			sourceTree = "<group>";
		};
		52567BB11C847B0B00FCCDB0 /* shopping-listTests */ = {
			isa = PBXGroup;
			children = (
				52567BB21C847B0B00FCCDB0 /* shopping_listTests.swift */,
				52567BB41C847B0B00FCCDB0 /* Info.plist */,
			);
			path = "shopping-listTests";
			sourceTree = "<group>";
		};
		52567BBC1C847B0B00FCCDB0 /* shopping-listUITests */ = {
			isa = PBXGroup;
			children = (
				52567BBD1C847B0B00FCCDB0 /* shopping_listUITests.swift */,
				52567BBF1C847B0B00FCCDB0 /* Info.plist */,
			);
			path = "shopping-listUITests";
			sourceTree = "<group>";
		};
/* End PBXGroup section */

/* Begin PBXNativeTarget section */
		52567B991C847B0B00FCCDB0 /* shopping-list */ = {
			isa = PBXNativeTarget;
			buildConfigurationList = 52567BC21C847B0B00FCCDB0 /* Build configuration list for PBXNativeTarget "shopping-list" */;
			buildPhases = (
				52567B961C847B0B00FCCDB0 /* Sources */,
				52567B971C847B0B00FCCDB0 /* Frameworks */,
				52567B981C847B0B00FCCDB0 /* Resources */,
			);
			buildRules = (
			);
			dependencies = (
			);
			name = "shopping-list";
			productName = "shopping-list";
			productReference = 52567B9A1C847B0B00FCCDB0 /* shopping-list.app */;
			productType = "com.apple.product-type.application";
		};
		52567BAD1C847B0B00FCCDB0 /* shopping-listTests */ = {
			isa = PBXNativeTarget;
			buildConfigurationList = 52567BC51C847B0B00FCCDB0 /* Build configuration list for PBXNativeTarget "shopping-listTests" */;
			buildPhases = (
				52567BAA1C847B0B00FCCDB0 /* Sources */,
				52567BAB1C847B0B00FCCDB0 /* Frameworks */,
				52567BAC1C847B0B00FCCDB0 /* Resources */,
			);
			buildRules = (
			);
			dependencies = (
				52567BB01C847B0B00FCCDB0 /* PBXTargetDependency */,
			);
			name = "shopping-listTests";
			productName = "shopping-listTests";
			productReference = 52567BAE1C847B0B00FCCDB0 /* shopping-listTests.xctest */;
			productType = "com.apple.product-type.bundle.unit-test";
		};
		52567BB81C847B0B00FCCDB0 /* shopping-listUITests */ = {
			isa = PBXNativeTarget;
			buildConfigurationList = 52567BC81C847B0B00FCCDB0 /* Build configuration list for PBXNativeTarget "shopping-listUITests" */;
			buildPhases = (
				52567BB51C847B0B00FCCDB0 /* Sources */,
				52567BB61C847B0B00FCCDB0 /* Frameworks */,
				52567BB71C847B0B00FCCDB0 /* Resources */,
			);
			buildRules = (
			);
			dependencies = (
				52567BBB1C847B0B00FCCDB0 /* PBXTargetDependency */,
			);
			name = "shopping-listUITests";
			productName = "shopping-listUITests";
			productReference = 52567BB91C847B0B00FCCDB0 /* shopping-listUITests.xctest */;
			productType = "com.apple.product-type.bundle.ui-testing";
		};
/* End PBXNativeTarget section */

/* Begin PBXProject section */
		52567B921C847B0B00FCCDB0 /* Project object */ = {
			isa = PBXProject;
			attributes = {
				LastSwiftUpdateCheck = 0720;
				LastUpgradeCheck = 0720;
				ORGANIZATIONNAME = "Blaed Johnston";
				TargetAttributes = {
					52567B991C847B0B00FCCDB0 = {
						CreatedOnToolsVersion = 7.2.1;
					};
					52567BAD1C847B0B00FCCDB0 = {
						CreatedOnToolsVersion = 7.2.1;
						TestTargetID = 52567B991C847B0B00FCCDB0;
					};
					52567BB81C847B0B00FCCDB0 = {
						CreatedOnToolsVersion = 7.2.1;
						TestTargetID = 52567B991C847B0B00FCCDB0;
					};
				};
			};
			buildConfigurationList = 52567B951C847B0B00FCCDB0 /* Build configuration list for PBXProject "shopping-list" */;
			compatibilityVersion = "Xcode 3.2";
			developmentRegion = English;
			hasScannedForEncodings = 0;
			knownRegions = (
				en,
				Base,
			);
			mainGroup = 52567B911C847B0B00FCCDB0;
			productRefGroup = 52567B9B1C847B0B00FCCDB0 /* Products */;
			projectDirPath = "";
			projectRoot = "";
			targets = (
				52567B991C847B0B00FCCDB0 /* shopping-list */,
				52567BAD1C847B0B00FCCDB0 /* shopping-listTests */,
				52567BB81C847B0B00FCCDB0 /* shopping-listUITests */,
			);
		};
/* End PBXProject section */

/* Begin PBXResourcesBuildPhase section */
		52567B981C847B0B00FCCDB0 /* Resources */ = {
			isa = PBXResourcesBuildPhase;
			buildActionMask = 2147483647;
			files = (
				52567BA81C847B0B00FCCDB0 /* LaunchScreen.storyboard in Resources */,
				52567BA51C847B0B00FCCDB0 /* Assets.xcassets in Resources */,
				52567BA31C847B0B00FCCDB0 /* Main.storyboard in Resources */,
			);
			runOnlyForDeploymentPostprocessing = 0;
		};
		52567BAC1C847B0B00FCCDB0 /* Resources */ = {
			isa = PBXResourcesBuildPhase;
			buildActionMask = 2147483647;
			files = (
			);
			runOnlyForDeploymentPostprocessing = 0;
		};
		52567BB71C847B0B00FCCDB0 /* Resources */ = {
			isa = PBXResourcesBuildPhase;
			buildActionMask = 2147483647;
			files = (
			);
			runOnlyForDeploymentPostprocessing = 0;
		};
/* End PBXResourcesBuildPhase section */

/* Begin PBXSourcesBuildPhase section */
		52567B961C847B0B00FCCDB0 /* Sources */ = {
			isa = PBXSourcesBuildPhase;
			buildActionMask = 2147483647;
			files = (
				52567BA01C847B0B00FCCDB0 /* ViewController.swift in Sources */,
				525E7AAF1C8878F4008A5944 /* GroceryListItemViewController.swift in Sources */,
				52567BCE1C847E9C00FCCDB0 /* GroceryListTableViewController.swift in Sources */,
				52567BCC1C847C0300FCCDB0 /* GroceryItemTableViewCell.swift in Sources */,
				52567BD01C847F8900FCCDB0 /* GroceryItem.swift in Sources */,
				52567B9E1C847B0B00FCCDB0 /* AppDelegate.swift in Sources */,
				52E1CC551C89CCD6002B4E31 /* EditGroceryListItemViewController.swift in Sources */,
			);
			runOnlyForDeploymentPostprocessing = 0;
		};
		52567BAA1C847B0B00FCCDB0 /* Sources */ = {
			isa = PBXSourcesBuildPhase;
			buildActionMask = 2147483647;
			files = (
				52567BB31C847B0B00FCCDB0 /* shopping_listTests.swift in Sources */,
			);
			runOnlyForDeploymentPostprocessing = 0;
		};
		52567BB51C847B0B00FCCDB0 /* Sources */ = {
			isa = PBXSourcesBuildPhase;
			buildActionMask = 2147483647;
			files = (
				52567BBE1C847B0B00FCCDB0 /* shopping_listUITests.swift in Sources */,
			);
			runOnlyForDeploymentPostprocessing = 0;
		};
/* End PBXSourcesBuildPhase section */

/* Begin PBXTargetDependency section */
		52567BB01C847B0B00FCCDB0 /* PBXTargetDependency */ = {
			isa = PBXTargetDependency;
			target = 52567B991C847B0B00FCCDB0 /* shopping-list */;
			targetProxy = 52567BAF1C847B0B00FCCDB0 /* PBXContainerItemProxy */;
		};
		52567BBB1C847B0B00FCCDB0 /* PBXTargetDependency */ = {
			isa = PBXTargetDependency;
			target = 52567B991C847B0B00FCCDB0 /* shopping-list */;
			targetProxy = 52567BBA1C847B0B00FCCDB0 /* PBXContainerItemProxy */;
		};
/* End PBXTargetDependency section */

/* Begin PBXVariantGroup section */
		52567BA11C847B0B00FCCDB0 /* Main.storyboard */ = {
			isa = PBXVariantGroup;
			children = (
				52567BA21C847B0B00FCCDB0 /* Base */,
			);
			name = Main.storyboard;
			sourceTree = "<group>";
		};
		52567BA61C847B0B00FCCDB0 /* LaunchScreen.storyboard */ = {
			isa = PBXVariantGroup;
			children = (
				52567BA71C847B0B00FCCDB0 /* Base */,
			);
			name = LaunchScreen.storyboard;
			sourceTree = "<group>";
		};
/* End PBXVariantGroup section */

/* Begin XCBuildConfiguration section */
		52567BC01C847B0B00FCCDB0 /* Debug */ = {
			isa = XCBuildConfiguration;
			buildSettings = {
				ALWAYS_SEARCH_USER_PATHS = NO;
				CLANG_CXX_LANGUAGE_STANDARD = "gnu++0x";
				CLANG_CXX_LIBRARY = "libc++";
				CLANG_ENABLE_MODULES = YES;
				CLANG_ENABLE_OBJC_ARC = YES;
				CLANG_WARN_BOOL_CONVERSION = YES;
				CLANG_WARN_CONSTANT_CONVERSION = YES;
				CLANG_WARN_DIRECT_OBJC_ISA_USAGE = YES_ERROR;
				CLANG_WARN_EMPTY_BODY = YES;
				CLANG_WARN_ENUM_CONVERSION = YES;
				CLANG_WARN_INT_CONVERSION = YES;
				CLANG_WARN_OBJC_ROOT_CLASS = YES_ERROR;
				CLANG_WARN_UNREACHABLE_CODE = YES;
				CLANG_WARN__DUPLICATE_METHOD_MATCH = YES;
				"CODE_SIGN_IDENTITY[sdk=iphoneos*]" = "iPhone Developer";
				COPY_PHASE_STRIP = NO;
				DEBUG_INFORMATION_FORMAT = dwarf;
				ENABLE_STRICT_OBJC_MSGSEND = YES;
				ENABLE_TESTABILITY = YES;
				GCC_C_LANGUAGE_STANDARD = gnu99;
				GCC_DYNAMIC_NO_PIC = NO;
				GCC_NO_COMMON_BLOCKS = YES;
				GCC_OPTIMIZATION_LEVEL = 0;
				GCC_PREPROCESSOR_DEFINITIONS = (
					"DEBUG=1",
					"$(inherited)",
				);
				GCC_WARN_64_TO_32_BIT_CONVERSION = YES;
				GCC_WARN_ABOUT_RETURN_TYPE = YES_ERROR;
				GCC_WARN_UNDECLARED_SELECTOR = YES;
				GCC_WARN_UNINITIALIZED_AUTOS = YES_AGGRESSIVE;
				GCC_WARN_UNUSED_FUNCTION = YES;
				GCC_WARN_UNUSED_VARIABLE = YES;
				IPHONEOS_DEPLOYMENT_TARGET = 9.2;
				MTL_ENABLE_DEBUG_INFO = YES;
				ONLY_ACTIVE_ARCH = YES;
				SDKROOT = iphoneos;
				SWIFT_OPTIMIZATION_LEVEL = "-Onone";
				TARGETED_DEVICE_FAMILY = "1,2";
			};
			name = Debug;
		};
		52567BC11C847B0B00FCCDB0 /* Release */ = {
			isa = XCBuildConfiguration;
			buildSettings = {
				ALWAYS_SEARCH_USER_PATHS = NO;
				CLANG_CXX_LANGUAGE_STANDARD = "gnu++0x";
				CLANG_CXX_LIBRARY = "libc++";
				CLANG_ENABLE_MODULES = YES;
				CLANG_ENABLE_OBJC_ARC = YES;
				CLANG_WARN_BOOL_CONVERSION = YES;
				CLANG_WARN_CONSTANT_CONVERSION = YES;
				CLANG_WARN_DIRECT_OBJC_ISA_USAGE = YES_ERROR;
				CLANG_WARN_EMPTY_BODY = YES;
				CLANG_WARN_ENUM_CONVERSION = YES;
				CLANG_WARN_INT_CONVERSION = YES;
				CLANG_WARN_OBJC_ROOT_CLASS = YES_ERROR;
				CLANG_WARN_UNREACHABLE_CODE = YES;
				CLANG_WARN__DUPLICATE_METHOD_MATCH = YES;
				"CODE_SIGN_IDENTITY[sdk=iphoneos*]" = "iPhone Developer";
				COPY_PHASE_STRIP = NO;
				DEBUG_INFORMATION_FORMAT = "dwarf-with-dsym";
				ENABLE_NS_ASSERTIONS = NO;
				ENABLE_STRICT_OBJC_MSGSEND = YES;
				GCC_C_LANGUAGE_STANDARD = gnu99;
				GCC_NO_COMMON_BLOCKS = YES;
				GCC_WARN_64_TO_32_BIT_CONVERSION = YES;
				GCC_WARN_ABOUT_RETURN_TYPE = YES_ERROR;
				GCC_WARN_UNDECLARED_SELECTOR = YES;
				GCC_WARN_UNINITIALIZED_AUTOS = YES_AGGRESSIVE;
				GCC_WARN_UNUSED_FUNCTION = YES;
				GCC_WARN_UNUSED_VARIABLE = YES;
				IPHONEOS_DEPLOYMENT_TARGET = 9.2;
				MTL_ENABLE_DEBUG_INFO = NO;
				SDKROOT = iphoneos;
				TARGETED_DEVICE_FAMILY = "1,2";
				VALIDATE_PRODUCT = YES;
			};
			name = Release;
		};
		52567BC31C847B0B00FCCDB0 /* Debug */ = {
			isa = XCBuildConfiguration;
			buildSettings = {
				ASSETCATALOG_COMPILER_APPICON_NAME = AppIcon;
				INFOPLIST_FILE = "shopping-list/Info.plist";
				LD_RUNPATH_SEARCH_PATHS = "$(inherited) @executable_path/Frameworks";
				PRODUCT_BUNDLE_IDENTIFIER = "bsoftware.shopping-list";
				PRODUCT_NAME = "$(TARGET_NAME)";
			};
			name = Debug;
		};
		52567BC41C847B0B00FCCDB0 /* Release */ = {
			isa = XCBuildConfiguration;
			buildSettings = {
				ASSETCATALOG_COMPILER_APPICON_NAME = AppIcon;
				INFOPLIST_FILE = "shopping-list/Info.plist";
				LD_RUNPATH_SEARCH_PATHS = "$(inherited) @executable_path/Frameworks";
				PRODUCT_BUNDLE_IDENTIFIER = "bsoftware.shopping-list";
				PRODUCT_NAME = "$(TARGET_NAME)";
			};
			name = Release;
		};
		52567BC61C847B0B00FCCDB0 /* Debug */ = {
			isa = XCBuildConfiguration;
			buildSettings = {
				BUNDLE_LOADER = "$(TEST_HOST)";
				INFOPLIST_FILE = "shopping-listTests/Info.plist";
				LD_RUNPATH_SEARCH_PATHS = "$(inherited) @executable_path/Frameworks @loader_path/Frameworks";
				PRODUCT_BUNDLE_IDENTIFIER = "bsoftware.shopping-listTests";
				PRODUCT_NAME = "$(TARGET_NAME)";
				TEST_HOST = "$(BUILT_PRODUCTS_DIR)/shopping-list.app/shopping-list";
			};
			name = Debug;
		};
		52567BC71C847B0B00FCCDB0 /* Release */ = {
			isa = XCBuildConfiguration;
			buildSettings = {
				BUNDLE_LOADER = "$(TEST_HOST)";
				INFOPLIST_FILE = "shopping-listTests/Info.plist";
				LD_RUNPATH_SEARCH_PATHS = "$(inherited) @executable_path/Frameworks @loader_path/Frameworks";
				PRODUCT_BUNDLE_IDENTIFIER = "bsoftware.shopping-listTests";
				PRODUCT_NAME = "$(TARGET_NAME)";
				TEST_HOST = "$(BUILT_PRODUCTS_DIR)/shopping-list.app/shopping-list";
			};
			name = Release;
		};
		52567BC91C847B0B00FCCDB0 /* Debug */ = {
			isa = XCBuildConfiguration;
			buildSettings = {
				INFOPLIST_FILE = "shopping-listUITests/Info.plist";
				LD_RUNPATH_SEARCH_PATHS = "$(inherited) @executable_path/Frameworks @loader_path/Frameworks";
				PRODUCT_BUNDLE_IDENTIFIER = "bsoftware.shopping-listUITests";
				PRODUCT_NAME = "$(TARGET_NAME)";
				TEST_TARGET_NAME = "shopping-list";
				USES_XCTRUNNER = YES;
			};
			name = Debug;
		};
		52567BCA1C847B0B00FCCDB0 /* Release */ = {
			isa = XCBuildConfiguration;
			buildSettings = {
				INFOPLIST_FILE = "shopping-listUITests/Info.plist";
				LD_RUNPATH_SEARCH_PATHS = "$(inherited) @executable_path/Frameworks @loader_path/Frameworks";
				PRODUCT_BUNDLE_IDENTIFIER = "bsoftware.shopping-listUITests";
				PRODUCT_NAME = "$(TARGET_NAME)";
				TEST_TARGET_NAME = "shopping-list";
				USES_XCTRUNNER = YES;
			};
			name = Release;
		};
/* End XCBuildConfiguration section */

/* Begin XCConfigurationList section */
		52567B951C847B0B00FCCDB0 /* Build configuration list for PBXProject "shopping-list" */ = {
			isa = XCConfigurationList;
			buildConfigurations = (
				52567BC01C847B0B00FCCDB0 /* Debug */,
				52567BC11C847B0B00FCCDB0 /* Release */,
			);
			defaultConfigurationIsVisible = 0;
			defaultConfigurationName = Release;
		};
		52567BC21C847B0B00FCCDB0 /* Build configuration list for PBXNativeTarget "shopping-list" */ = {
			isa = XCConfigurationList;
			buildConfigurations = (
				52567BC31C847B0B00FCCDB0 /* Debug */,
				52567BC41C847B0B00FCCDB0 /* Release */,
			);
			defaultConfigurationIsVisible = 0;
			defaultConfigurationName = Release;
		};
		52567BC51C847B0B00FCCDB0 /* Build configuration list for PBXNativeTarget "shopping-listTests" */ = {
			isa = XCConfigurationList;
			buildConfigurations = (
				52567BC61C847B0B00FCCDB0 /* Debug */,
				52567BC71C847B0B00FCCDB0 /* Release */,
			);
			defaultConfigurationIsVisible = 0;
			defaultConfigurationName = Release;
		};
		52567BC81C847B0B00FCCDB0 /* Build configuration list for PBXNativeTarget "shopping-listUITests" */ = {
			isa = XCConfigurationList;
			buildConfigurations = (
				52567BC91C847B0B00FCCDB0 /* Debug */,
				52567BCA1C847B0B00FCCDB0 /* Release */,
			);
			defaultConfigurationIsVisible = 0;
			defaultConfigurationName = Release;
		};
/* End XCConfigurationList section */
	};
	rootObject = 52567B921C847B0B00FCCDB0 /* Project object */;
}
